
Microsoft Visual Studio Solution File, Format Version 12.00
Project("{FAE04EC0-301F-11D3-BF4B-00C04F79EFBC}") = "Sharpcash", "Sharpcash\Sharpcash.csproj", "{F8FE6A53-01E6-4F3B-AFC4-2C075C30166D}"
EndProject
Project("{FAE04EC0-301F-11D3-BF4B-00C04F79EFBC}") = "Sharpcash.UnitTests", "Sharpcash.UnitTests\Sharpcash.UnitTests.csproj", "{395FFA8D-3F5E-4C8F-AE60-A46B1706FC9C}"
EndProject
Global
	GlobalSection(SolutionConfigurationPlatforms) = preSolution
		Debug|Any CPU = Debug|Any CPU
		Release|Any CPU = Release|Any CPU
	EndGlobalSection
	GlobalSection(ProjectConfigurationPlatforms) = postSolution
		{F8FE6A53-01E6-4F3B-AFC4-2C075C30166D}.Debug|Any CPU.ActiveCfg = Debug|Any CPU
		{F8FE6A53-01E6-4F3B-AFC4-2C075C30166D}.Debug|Any CPU.Build.0 = Debug|Any CPU
		{F8FE6A53-01E6-4F3B-AFC4-2C075C30166D}.Release|Any CPU.ActiveCfg = Release|Any CPU
		{F8FE6A53-01E6-4F3B-AFC4-2C075C30166D}.Release|Any CPU.Build.0 = Release|Any CPU
		{395FFA8D-3F5E-4C8F-AE60-A46B1706FC9C}.Debug|Any CPU.ActiveCfg = Debug|Any CPU
		{395FFA8D-3F5E-4C8F-AE60-A46B1706FC9C}.Debug|Any CPU.Build.0 = Debug|Any CPU
		{395FFA8D-3F5E-4C8F-AE60-A46B1706FC9C}.Release|Any CPU.ActiveCfg = Release|Any CPU
		{395FFA8D-3F5E-4C8F-AE60-A46B1706FC9C}.Release|Any CPU.Build.0 = Release|Any CPU
	EndGlobalSection
EndGlobal
